
Microsoft Visual Studio Solution File, Format Version 12.00
# Visual Studio Version 17
VisualStudioVersion = 17.9.34701.34
MinimumVisualStudioVersion = 10.0.40219.1
Project("{FAE04EC0-301F-11D3-BF4B-00C04F79EFBC}") = "SInif1", "SInif1.csproj", "{D7097B15-8E6F-49A1-91AB-CF0E23D15C54}"
EndProject
Global
	GlobalSection(SolutionConfigurationPlatforms) = preSolution
		Debug|Any CPU = Debug|Any CPU
		Release|Any CPU = Release|Any CPU
	EndGlobalSection
	GlobalSection(ProjectConfigurationPlatforms) = postSolution
		{D7097B15-8E6F-49A1-91AB-CF0E23D15C54}.Debug|Any CPU.ActiveCfg = Debug|Any CPU
		{D7097B15-8E6F-49A1-91AB-CF0E23D15C54}.Debug|Any CPU.Build.0 = Debug|Any CPU
		{D7097B15-8E6F-49A1-91AB-CF0E23D15C54}.Release|Any CPU.ActiveCfg = Release|Any CPU
		{D7097B15-8E6F-49A1-91AB-CF0E23D15C54}.Release|Any CPU.Build.0 = Release|Any CPU
	EndGlobalSection
	GlobalSection(SolutionProperties) = preSolution
		HideSolutionNode = FALSE
	EndGlobalSection
	GlobalSection(ExtensibilityGlobals) = postSolution
		SolutionGuid = {A7FF33C4-EFF9-4E15-88F0-EA89A1C3120C}
	EndGlobalSection
EndGlobal
